
Microsoft Visual Studio Solution File, Format Version 12.00
# Visual Studio Version 17
VisualStudioVersion = 17.14.37614.0 d17.14
MinimumVisualStudioVersion = 10.0.40219.1
Project("{FAE04EC0-301F-11D3-BF4B-00C04F79EFBC}") = "26031008_Kimdongwoo_GameProject_jump jump", "26031008_Kimdongwoo_GameProject_jump jump.csproj", "{ACA0EF75-CBC2-4BEF-935A-982B1085A4F9}"
EndProject
Global
	GlobalSection(SolutionConfigurationPlatforms) = preSolution
		Debug|Any CPU = Debug|Any CPU
		Release|Any CPU = Release|Any CPU
	EndGlobalSection
	GlobalSection(ProjectConfigurationPlatforms) = postSolution
		{ACA0EF75-CBC2-4BEF-935A-982B1085A4F9}.Debug|Any CPU.ActiveCfg = Debug|Any CPU
		{ACA0EF75-CBC2-4BEF-935A-982B1085A4F9}.Debug|Any CPU.Build.0 = Debug|Any CPU
		{ACA0EF75-CBC2-4BEF-935A-982B1085A4F9}.Release|Any CPU.ActiveCfg = Release|Any CPU
		{ACA0EF75-CBC2-4BEF-935A-982B1085A4F9}.Release|Any CPU.Build.0 = Release|Any CPU
	EndGlobalSection
	GlobalSection(SolutionProperties) = preSolution
		HideSolutionNode = FALSE
	EndGlobalSection
	GlobalSection(ExtensibilityGlobals) = postSolution
		SolutionGuid = {F69B1EE9-691E-4078-A380-277B3DC57DD9}
	EndGlobalSection
EndGlobal
